
Microsoft Visual Studio Solution File, Format Version 12.00
# Visual Studio Version 17
VisualStudioVersion = 17.2.32616.157
MinimumVisualStudioVersion = 10.0.40219.1
Project("{9A19103F-16F7-4668-BE54-9A1E7A4F7556}") = "ConsoleApp4", "ConsoleApp4.csproj", "{B70B0B5D-7C50-43CD-AE3C-10C723EB0487}"
EndProject
Project("{2150E333-8FDC-42A3-9474-1A3956D46DE8}") = "Solution Items", "Solution Items", "{0850B4D9-D2CE-4070-B40E-BED4D08535C5}"
EndProject
Global
	GlobalSection(SolutionConfigurationPlatforms) = preSolution
		Debug|Any CPU = Debug|Any CPU
		Release|Any CPU = Release|Any CPU
	EndGlobalSection
	GlobalSection(ProjectConfigurationPlatforms) = postSolution
		{B70B0B5D-7C50-43CD-AE3C-10C723EB0487}.Debug|Any CPU.ActiveCfg = Debug|Any CPU
		{B70B0B5D-7C50-43CD-AE3C-10C723EB0487}.Debug|Any CPU.Build.0 = Debug|Any CPU
		{B70B0B5D-7C50-43CD-AE3C-10C723EB0487}.Release|Any CPU.ActiveCfg = Release|Any CPU
		{B70B0B5D-7C50-43CD-AE3C-10C723EB0487}.Release|Any CPU.Build.0 = Release|Any CPU
	EndGlobalSection
	GlobalSection(SolutionProperties) = preSolution
		HideSolutionNode = FALSE
	EndGlobalSection
	GlobalSection(ExtensibilityGlobals) = postSolution
		SolutionGuid = {07C4FAFE-4F33-4122-93D2-4815053CE914}
	EndGlobalSection
EndGlobal
