
Microsoft Visual Studio Solution File, Format Version 12.00
# Visual Studio Version 17
VisualStudioVersion = 17.2.32616.157
MinimumVisualStudioVersion = 10.0.40219.1
Project("{FAE04EC0-301F-11D3-BF4B-00C04F79EFBC}") = "H_W.12.08", "H_W.12.08.csproj", "{B348A7BD-F818-4CAC-AB4D-86A58DA05EFF}"
EndProject
Global
	GlobalSection(SolutionConfigurationPlatforms) = preSolution
		Debug|Any CPU = Debug|Any CPU
		Release|Any CPU = Release|Any CPU
	EndGlobalSection
	GlobalSection(ProjectConfigurationPlatforms) = postSolution
		{B348A7BD-F818-4CAC-AB4D-86A58DA05EFF}.Debug|Any CPU.ActiveCfg = Debug|Any CPU
		{B348A7BD-F818-4CAC-AB4D-86A58DA05EFF}.Debug|Any CPU.Build.0 = Debug|Any CPU
		{B348A7BD-F818-4CAC-AB4D-86A58DA05EFF}.Release|Any CPU.ActiveCfg = Release|Any CPU
		{B348A7BD-F818-4CAC-AB4D-86A58DA05EFF}.Release|Any CPU.Build.0 = Release|Any CPU
	EndGlobalSection
	GlobalSection(SolutionProperties) = preSolution
		HideSolutionNode = FALSE
	EndGlobalSection
	GlobalSection(ExtensibilityGlobals) = postSolution
		SolutionGuid = {638680AE-2952-45E1-A550-C3F4A4978959}
	EndGlobalSection
EndGlobal
