
Microsoft Visual Studio Solution File, Format Version 12.00
# Visual Studio Version 17
VisualStudioVersion = 17.2.32616.157
MinimumVisualStudioVersion = 10.0.40219.1
Project("{9A19103F-16F7-4668-BE54-9A1E7A4F7556}") = "PenaltiesAccounting", "PenaltiesAccounting.csproj", "{AE2E1740-33A9-40D2-9DB0-DFEFF87F8E01}"
EndProject
Global
	GlobalSection(SolutionConfigurationPlatforms) = preSolution
		Debug|Any CPU = Debug|Any CPU
		Release|Any CPU = Release|Any CPU
	EndGlobalSection
	GlobalSection(ProjectConfigurationPlatforms) = postSolution
		{AE2E1740-33A9-40D2-9DB0-DFEFF87F8E01}.Debug|Any CPU.ActiveCfg = Debug|Any CPU
		{AE2E1740-33A9-40D2-9DB0-DFEFF87F8E01}.Debug|Any CPU.Build.0 = Debug|Any CPU
		{AE2E1740-33A9-40D2-9DB0-DFEFF87F8E01}.Release|Any CPU.ActiveCfg = Release|Any CPU
		{AE2E1740-33A9-40D2-9DB0-DFEFF87F8E01}.Release|Any CPU.Build.0 = Release|Any CPU
	EndGlobalSection
	GlobalSection(SolutionProperties) = preSolution
		HideSolutionNode = FALSE
	EndGlobalSection
	GlobalSection(ExtensibilityGlobals) = postSolution
		SolutionGuid = {E58D5174-C6B3-463F-8C80-02ECD7BACB0A}
	EndGlobalSection
EndGlobal
