
Microsoft Visual Studio Solution File, Format Version 12.00
# Visual Studio Version 17
VisualStudioVersion = 17.2.32616.157
MinimumVisualStudioVersion = 10.0.40219.1
Project("{FAE04EC0-301F-11D3-BF4B-00C04F79EFBC}") = "StacktTrace", "StacktTrace\StacktTrace.csproj", "{623E72AB-1F31-4848-A086-1D06FF30D7AA}"
EndProject
Global
	GlobalSection(SolutionConfigurationPlatforms) = preSolution
		Debug|Any CPU = Debug|Any CPU
		Release|Any CPU = Release|Any CPU
	EndGlobalSection
	GlobalSection(ProjectConfigurationPlatforms) = postSolution
		{623E72AB-1F31-4848-A086-1D06FF30D7AA}.Debug|Any CPU.ActiveCfg = Debug|Any CPU
		{623E72AB-1F31-4848-A086-1D06FF30D7AA}.Debug|Any CPU.Build.0 = Debug|Any CPU
		{623E72AB-1F31-4848-A086-1D06FF30D7AA}.Release|Any CPU.ActiveCfg = Release|Any CPU
		{623E72AB-1F31-4848-A086-1D06FF30D7AA}.Release|Any CPU.Build.0 = Release|Any CPU
	EndGlobalSection
	GlobalSection(SolutionProperties) = preSolution
		HideSolutionNode = FALSE
	EndGlobalSection
	GlobalSection(ExtensibilityGlobals) = postSolution
		SolutionGuid = {F5B767F0-3D41-41EE-80D5-807C620B7A40}
	EndGlobalSection
EndGlobal
