
Microsoft Visual Studio Solution File, Format Version 12.00
# Visual Studio Version 17
VisualStudioVersion = 17.2.32616.157
MinimumVisualStudioVersion = 10.0.40219.1
Project("{FAE04EC0-301F-11D3-BF4B-00C04F79EFBC}") = "H_W_09.07", "H_W_09.07\H_W_09.07.csproj", "{2FECA166-4B0F-4BDC-9F1B-23BDFA2881D3}"
EndProject
Global
	GlobalSection(SolutionConfigurationPlatforms) = preSolution
		Debug|Any CPU = Debug|Any CPU
		Release|Any CPU = Release|Any CPU
	EndGlobalSection
	GlobalSection(ProjectConfigurationPlatforms) = postSolution
		{2FECA166-4B0F-4BDC-9F1B-23BDFA2881D3}.Debug|Any CPU.ActiveCfg = Debug|Any CPU
		{2FECA166-4B0F-4BDC-9F1B-23BDFA2881D3}.Debug|Any CPU.Build.0 = Debug|Any CPU
		{2FECA166-4B0F-4BDC-9F1B-23BDFA2881D3}.Release|Any CPU.ActiveCfg = Release|Any CPU
		{2FECA166-4B0F-4BDC-9F1B-23BDFA2881D3}.Release|Any CPU.Build.0 = Release|Any CPU
	EndGlobalSection
	GlobalSection(SolutionProperties) = preSolution
		HideSolutionNode = FALSE
	EndGlobalSection
	GlobalSection(ExtensibilityGlobals) = postSolution
		SolutionGuid = {8EC01F17-7028-4DAA-9D81-50E30E19691A}
	EndGlobalSection
EndGlobal
